Microsoft Visual Studio Solution File, Format Version 12.00
# Visual Studio Version 17
VisualStudioVersion = 17.0.31903.59
MinimumVisualStudioVersion = 10.0.40219.1
Project("{FAE04EC0-301F-11D3-BF4B-00C04F79EFBC}") = "CodexWorker", "src/CodexWorker/CodexWorker.csproj", "{D3DC29F3-1C2E-47CB-A378-89F6080805B3}"
EndProject
Project("{FAE04EC0-301F-11D3-BF4B-00C04F79EFBC}") = "CodexWorker.Tests", "tests/CodexWorker.Tests/CodexWorker.Tests.csproj", "{9EE314AC-0325-42D8-93DD-C450077BC337}"
EndProject
Project("{FAE04EC0-301F-11D3-BF4B-00C04F79EFBC}") = "CodexServer", "src/CodexServer/CodexServer.csproj", "{1AA444F9-5A9D-463C-BFB9-706BF353B3F0}"
EndProject
Project("{FAE04EC0-301F-11D3-BF4B-00C04F79EFBC}") = "CodexProvisioning", "src/Shared/CodexProvisioning.csproj", "{53C84C07-EA76-494A-8506-1147EA915D16}"
EndProject
Project("{FAE04EC0-301F-11D3-BF4B-00C04F79EFBC}") = "WorkExecutionToolbox", "src/WorkExecutionToolbox/WorkExecutionToolbox.csproj", "{9875B700-2936-43E1-8E08-7A994AFDB752}"
EndProject
Project("{FAE04EC0-301F-11D3-BF4B-00C04F79EFBC}") = "WorkExecutionToolbox.Tests", "tests/WorkExecutionToolbox.Tests/WorkExecutionToolbox.Tests.csproj", "{E822AF9A-84F3-45BB-9C59-79DD18980411}"
EndProject
Global
	GlobalSection(SolutionConfigurationPlatforms) = preSolution
		Debug|Any CPU = Debug|Any CPU
		Release|Any CPU = Release|Any CPU
	EndGlobalSection
	GlobalSection(ProjectConfigurationPlatforms) = postSolution
		{D3DC29F3-1C2E-47CB-A378-89F6080805B3}.Debug|Any CPU.ActiveCfg = Debug|Any CPU
		{D3DC29F3-1C2E-47CB-A378-89F6080805B3}.Debug|Any CPU.Build.0 = Debug|Any CPU
		{D3DC29F3-1C2E-47CB-A378-89F6080805B3}.Release|Any CPU.ActiveCfg = Release|Any CPU
		{D3DC29F3-1C2E-47CB-A378-89F6080805B3}.Release|Any CPU.Build.0 = Release|Any CPU
		{9EE314AC-0325-42D8-93DD-C450077BC337}.Debug|Any CPU.ActiveCfg = Debug|Any CPU
		{9EE314AC-0325-42D8-93DD-C450077BC337}.Debug|Any CPU.Build.0 = Debug|Any CPU
		{9EE314AC-0325-42D8-93DD-C450077BC337}.Release|Any CPU.ActiveCfg = Release|Any CPU
		{9EE314AC-0325-42D8-93DD-C450077BC337}.Release|Any CPU.Build.0 = Release|Any CPU
		{1AA444F9-5A9D-463C-BFB9-706BF353B3F0}.Debug|Any CPU.ActiveCfg = Debug|Any CPU
		{1AA444F9-5A9D-463C-BFB9-706BF353B3F0}.Debug|Any CPU.Build.0 = Debug|Any CPU
		{1AA444F9-5A9D-463C-BFB9-706BF353B3F0}.Release|Any CPU.ActiveCfg = Release|Any CPU
		{1AA444F9-5A9D-463C-BFB9-706BF353B3F0}.Release|Any CPU.Build.0 = Release|Any CPU
		{53C84C07-EA76-494A-8506-1147EA915D16}.Debug|Any CPU.ActiveCfg = Debug|Any CPU
		{53C84C07-EA76-494A-8506-1147EA915D16}.Debug|Any CPU.Build.0 = Debug|Any CPU
		{53C84C07-EA76-494A-8506-1147EA915D16}.Release|Any CPU.ActiveCfg = Release|Any CPU
		{53C84C07-EA76-494A-8506-1147EA915D16}.Release|Any CPU.Build.0 = Release|Any CPU
		{9875B700-2936-43E1-8E08-7A994AFDB752}.Debug|Any CPU.ActiveCfg = Debug|Any CPU
		{9875B700-2936-43E1-8E08-7A994AFDB752}.Debug|Any CPU.Build.0 = Debug|Any CPU
		{9875B700-2936-43E1-8E08-7A994AFDB752}.Release|Any CPU.ActiveCfg = Release|Any CPU
		{9875B700-2936-43E1-8E08-7A994AFDB752}.Release|Any CPU.Build.0 = Release|Any CPU
		{E822AF9A-84F3-45BB-9C59-79DD18980411}.Debug|Any CPU.ActiveCfg = Debug|Any CPU
		{E822AF9A-84F3-45BB-9C59-79DD18980411}.Debug|Any CPU.Build.0 = Debug|Any CPU
		{E822AF9A-84F3-45BB-9C59-79DD18980411}.Release|Any CPU.ActiveCfg = Release|Any CPU
		{E822AF9A-84F3-45BB-9C59-79DD18980411}.Release|Any CPU.Build.0 = Release|Any CPU
	EndGlobalSection
EndGlobal
